// !$*UTF8*$!
{
	archiveVersion = 1;
	classes = {
	};
	objectVersion = 46;
	objects = {

/* Begin PBXBuildFile section */
		A4DD35CE1D4AE8F600A5535D /* AppDelegate.swift in Sources */ = {isa = PBXBuildFile; fileRef = A4DD35CD1D4AE8F500A5535D /* AppDelegate.swift */; };
		A4DD35D01D4AE8F600A5535D /* ViewController.swift in Sources */ = {isa = PBXBuildFile; fileRef = A4DD35CF1D4AE8F600A5535D /* ViewController.swift */; };
		A4DD35D31D4AE8F600A5535D /* Main.storyboard in Resources */ = {isa = PBXBuildFile; fileRef = A4DD35D11D4AE8F600A5535D /* Main.storyboard */; };
		A4DD35D51D4AE8F600A5535D /* Assets.xcassets in Resources */ = {isa = PBXBuildFile; fileRef = A4DD35D41D4AE8F600A5535D /* Assets.xcassets */; };
		A4DD35D81D4AE8F600A5535D /* LaunchScreen.storyboard in Resources */ = {isa = PBXBuildFile; fileRef = A4DD35D61D4AE8F600A5535D /* LaunchScreen.storyboard */; };
		A4DD35E31D4AE8F600A5535D /* swift_demoTests.swift in Sources */ = {isa = PBXBuildFile; fileRef = A4DD35E21D4AE8F600A5535D /* swift_demoTests.swift */; };
		A4DD35EE1D4AE8F600A5535D /* swift_demoUITests.swift in Sources */ = {isa = PBXBuildFile; fileRef = A4DD35ED1D4AE8F600A5535D /* swift_demoUITests.swift */; };
/* End PBXBuildFile section */

/* Begin PBXContainerItemProxy section */
		A4DD35DF1D4AE8F600A5535D /* PBXContainerItemProxy */ = {
			isa = PBXContainerItemProxy;
			containerPortal = A4DD35C21D4AE8F500A5535D /* Project object */;
			proxyType = 1;
			remoteGlobalIDString = A4DD35C91D4AE8F500A5535D;
			remoteInfo = "swift-demo";
		};
		A4DD35EA1D4AE8F600A5535D /* PBXContainerItemProxy */ = {
			isa = PBXContainerItemProxy;
			containerPortal = A4DD35C21D4AE8F500A5535D /* Project object */;
			proxyType = 1;
			remoteGlobalIDString = A4DD35C91D4AE8F500A5535D;
			remoteInfo = "swift-demo";
		};
/* End PBXContainerItemProxy section */

/* Begin PBXFileReference section */
		A4DD35CA1D4AE8F500A5535D /* swift-demo.app */ = {isa = PBXFileReference; explicitFileType = wrapper.application; includeInIndex = 0; path = "swift-demo.app"; sourceTree = BUILT_PRODUCTS_DIR; };
		A4DD35CD1D4AE8F500A5535D /* AppDelegate.swift */ = {isa = PBXFileReference; lastKnownFileType = sourcecode.swift; path = AppDelegate.swift; sourceTree = "<group>"; };
		A4DD35CF1D4AE8F600A5535D /* ViewController.swift */ = {isa = PBXFileReference; lastKnownFileType = sourcecode.swift; path = ViewController.swift; sourceTree = "<group>"; };
		A4DD35D21D4AE8F600A5535D /* Base */ = {isa = PBXFileReference; lastKnownFileType = file.storyboard; name = Base; path = Base.lproj/Main.storyboard; sourceTree = "<group>"; };
		A4DD35D41D4AE8F600A5535D /* Assets.xcassets */ = {isa = PBXFileReference; lastKnownFileType = folder.assetcatalog; path = Assets.xcassets; sourceTree = "<group>"; };
		A4DD35D71D4AE8F600A5535D /* Base */ = {isa = PBXFileReference; lastKnownFileType = file.storyboard; name = Base; path = Base.lproj/LaunchScreen.storyboard; sourceTree = "<group>"; };
		A4DD35D91D4AE8F600A5535D /* Info.plist */ = {isa = PBXFileReference; lastKnownFileType = text.plist.xml; path = Info.plist; sourceTree = "<group>"; };
		A4DD35DE1D4AE8F600A5535D /* swift-demoTests.xctest */ = {isa = PBXFileReference; explicitFileType = wrapper.cfbundle; includeInIndex = 0; path = "swift-demoTests.xctest"; sourceTree = BUILT_PRODUCTS_DIR; };
		A4DD35E21D4AE8F600A5535D /* swift_demoTests.swift */ = {isa = PBXFileReference; lastKnownFileType = sourcecode.swift; path = swift_demoTests.swift; sourceTree = "<group>"; };
		A4DD35E41D4AE8F600A5535D /* Info.plist */ = {isa = PBXFileReference; lastKnownFileType = text.plist.xml; path = Info.plist; sourceTree = "<group>"; };
		A4DD35E91D4AE8F600A5535D /* swift-demoUITests.xctest */ = {isa = PBXFileReference; explicitFileType = wrapper.cfbundle; includeInIndex = 0; path = "swift-demoUITests.xctest"; sourceTree = BUILT_PRODUCTS_DIR; };
		A4DD35ED1D4AE8F600A5535D /* swift_demoUITests.swift */ = {isa = PBXFileReference; lastKnownFileType = sourcecode.swift; path = swift_demoUITests.swift; sourceTree = "<group>"; };
		A4DD35EF1D4AE8F600A5535D /* Info.plist */ = {isa = PBXFileReference; lastKnownFileType = text.plist.xml; path = Info.plist; sourceTree = "<group>"; };
/* End PBXFileReference section */

/* Begin PBXFrameworksBuildPhase section */
		A4DD35C71D4AE8F500A5535D /* Frameworks */ = {
			isa = PBXFrameworksBuildPhase;
			buildActionMask = 2147483647;
			files = (
			);
			runOnlyForDeploymentPostprocessing = 0;
		};
		A4DD35DB1D4AE8F600A5535D /* Frameworks */ = {
			isa = PBXFrameworksBuildPhase;
			buildActionMask = 2147483647;
			files = (
			);
			runOnlyForDeploymentPostprocessing = 0;
		};
		A4DD35E61D4AE8F600A5535D /* Frameworks */ = {
			isa = PBXFrameworksBuildPhase;
			buildActionMask = 2147483647;
			files = (
			);
			runOnlyForDeploymentPostprocessing = 0;
		};
/* End PBXFrameworksBuildPhase section */

/* Begin PBXGroup section */
		A4DD35C11D4AE8F500A5535D = {
			isa = PBXGroup;
			children = (
				A4DD35CC1D4AE8F500A5535D /* swift-demo */,
				A4DD35E11D4AE8F600A5535D /* swift-demoTests */,
				A4DD35EC1D4AE8F600A5535D /* swift-demoUITests */,
				A4DD35CB1D4AE8F500A5535D /* Products */,
			);
			sourceTree = "<group>";
		};
		A4DD35CB1D4AE8F500A5535D /* Products */ = {
			isa = PBXGroup;
			children = (
				A4DD35CA1D4AE8F500A5535D /* swift-demo.app */,
				A4DD35DE1D4AE8F600A5535D /* swift-demoTests.xctest */,
				A4DD35E91D4AE8F600A5535D /* swift-demoUITests.xctest */,
			);
			name = Products;
			sourceTree = "<group>";
		};
		A4DD35CC1D4AE8F500A5535D /* swift-demo */ = {
			isa = PBXGroup;
			children = (
				A4DD35CD1D4AE8F500A5535D /* AppDelegate.swift */,
				A4DD35CF1D4AE8F600A5535D /* ViewController.swift */,
				A4DD35D11D4AE8F600A5535D /* Main.storyboard */,
				A4DD35D41D4AE8F600A5535D /* Assets.xcassets */,
				A4DD35D61D4AE8F600A5535D /* LaunchScreen.storyboard */,
				A4DD35D91D4AE8F600A5535D /* Info.plist */,
			);
			path = "swift-demo";
			sourceTree = "<group>";
		};
		A4DD35E11D4AE8F600A5535D /* swift-demoTests */ = {
			isa = PBXGroup;
			children = (
				A4DD35E21D4AE8F600A5535D /* swift_demoTests.swift */,
				A4DD35E41D4AE8F600A5535D /* Info.plist */,
			);
			path = "swift-demoTests";
			sourceTree = "<group>";
		};
		A4DD35EC1D4AE8F600A5535D /* swift-demoUITests */ = {
			isa = PBXGroup;
			children = (
				A4DD35ED1D4AE8F600A5535D /* swift_demoUITests.swift */,
				A4DD35EF1D4AE8F600A5535D /* Info.plist */,
			);
			path = "swift-demoUITests";
			sourceTree = "<group>";
		};
/* End PBXGroup section */

/* Begin PBXNativeTarget section */
		A4DD35C91D4AE8F500A5535D /* swift-demo */ = {
			isa = PBXNativeTarget;
			buildConfigurationList = A4DD35F21D4AE8F600A5535D /* Build configuration list for PBXNativeTarget "swift-demo" */;
			buildPhases = (
				A4DD35C61D4AE8F500A5535D /* Sources */,
				A4DD35C71D4AE8F500A5535D /* Frameworks */,
				A4DD35C81D4AE8F500A5535D /* Resources */,
			);
			buildRules = (
			);
			dependencies = (
			);
			name = "swift-demo";
			productName = "swift-demo";
			productReference = A4DD35CA1D4AE8F500A5535D /* swift-demo.app */;
			productType = "com.apple.product-type.application";
		};
		A4DD35DD1D4AE8F600A5535D /* swift-demoTests */ = {
			isa = PBXNativeTarget;
			buildConfigurationList = A4DD35F51D4AE8F600A5535D /* Build configuration list for PBXNativeTarget "swift-demoTests" */;
			buildPhases = (
				A4DD35DA1D4AE8F600A5535D /* Sources */,
				A4DD35DB1D4AE8F600A5535D /* Frameworks */,
				A4DD35DC1D4AE8F600A5535D /* Resources */,
			);
			buildRules = (
			);
			dependencies = (
				A4DD35E01D4AE8F600A5535D /* PBXTargetDependency */,
			);
			name = "swift-demoTests";
			productName = "swift-demoTests";
			productReference = A4DD35DE1D4AE8F600A5535D /* swift-demoTests.xctest */;
			productType = "com.apple.product-type.bundle.unit-test";
		};
		A4DD35E81D4AE8F600A5535D /* swift-demoUITests */ = {
			isa = PBXNativeTarget;
			buildConfigurationList = A4DD35F81D4AE8F600A5535D /* Build configuration list for PBXNativeTarget "swift-demoUITests" */;
			buildPhases = (
				A4DD35E51D4AE8F600A5535D /* Sources */,
				A4DD35E61D4AE8F600A5535D /* Frameworks */,
				A4DD35E71D4AE8F600A5535D /* Resources */,
			);
			buildRules = (
			);
			dependencies = (
				A4DD35EB1D4AE8F600A5535D /* PBXTargetDependency */,
			);
			name = "swift-demoUITests";
			productName = "swift-demoUITests";
			productReference = A4DD35E91D4AE8F600A5535D /* swift-demoUITests.xctest */;
			productType = "com.apple.product-type.bundle.ui-testing";
		};
/* End PBXNativeTarget section */

/* Begin PBXProject section */
		A4DD35C21D4AE8F500A5535D /* Project object */ = {
			isa = PBXProject;
			attributes = {
				LastSwiftUpdateCheck = 0730;
				LastUpgradeCheck = 0730;
				ORGANIZATIONNAME = lishenggen;
				TargetAttributes = {
					A4DD35C91D4AE8F500A5535D = {
						CreatedOnToolsVersion = 7.3.1;
					};
					A4DD35DD1D4AE8F600A5535D = {
						CreatedOnToolsVersion = 7.3.1;
						TestTargetID = A4DD35C91D4AE8F500A5535D;
					};
					A4DD35E81D4AE8F600A5535D = {
						CreatedOnToolsVersion = 7.3.1;
						TestTargetID = A4DD35C91D4AE8F500A5535D;
					};
				};
			};
			buildConfigurationList = A4DD35C51D4AE8F500A5535D /* Build configuration list for PBXProject "swift-demo" */;
			compatibilityVersion = "Xcode 3.2";
			developmentRegion = English;
			hasScannedForEncodings = 0;
			knownRegions = (
				en,
				Base,
			);
			mainGroup = A4DD35C11D4AE8F500A5535D;
			productRefGroup = A4DD35CB1D4AE8F500A5535D /* Products */;
			projectDirPath = "";
			projectRoot = "";
			targets = (
				A4DD35C91D4AE8F500A5535D /* swift-demo */,
				A4DD35DD1D4AE8F600A5535D /* swift-demoTests */,
				A4DD35E81D4AE8F600A5535D /* swift-demoUITests */,
			);
		};
/* End PBXProject section */

/* Begin PBXResourcesBuildPhase section */
		A4DD35C81D4AE8F500A5535D /* Resources */ = {
			isa = PBXResourcesBuildPhase;
			buildActionMask = 2147483647;
			files = (
				A4DD35D81D4AE8F600A5535D /* LaunchScreen.storyboard in Resources */,
				A4DD35D51D4AE8F600A5535D /* Assets.xcassets in Resources */,
				A4DD35D31D4AE8F600A5535D /* Main.storyboard in Resources */,
			);
			runOnlyForDeploymentPostprocessing = 0;
		};
		A4DD35DC1D4AE8F600A5535D /* Resources */ = {
			isa = PBXResourcesBuildPhase;
			buildActionMask = 2147483647;
			files = (
			);
			runOnlyForDeploymentPostprocessing = 0;
		};
		A4DD35E71D4AE8F600A5535D /* Resources */ = {
			isa = PBXResourcesBuildPhase;
			buildActionMask = 2147483647;
			files = (
			);
			runOnlyForDeploymentPostprocessing = 0;
		};
/* End PBXResourcesBuildPhase section */

/* Begin PBXSourcesBuildPhase section */
		A4DD35C61D4AE8F500A5535D /* Sources */ = {
			isa = PBXSourcesBuildPhase;
			buildActionMask = 2147483647;
			files = (
				A4DD35D01D4AE8F600A5535D /* ViewController.swift in Sources */,
				A4DD35CE1D4AE8F600A5535D /* AppDelegate.swift in Sources */,
			);
			runOnlyForDeploymentPostprocessing = 0;
		};
		A4DD35DA1D4AE8F600A5535D /* Sources */ = {
			isa = PBXSourcesBuildPhase;
			buildActionMask = 2147483647;
			files = (
				A4DD35E31D4AE8F600A5535D /* swift_demoTests.swift in Sources */,
			);
			runOnlyForDeploymentPostprocessing = 0;
		};
		A4DD35E51D4AE8F600A5535D /* Sources */ = {
			isa = PBXSourcesBuildPhase;
			buildActionMask = 2147483647;
			files = (
				A4DD35EE1D4AE8F600A5535D /* swift_demoUITests.swift in Sources */,
			);
			runOnlyForDeploymentPostprocessing = 0;
		};
/* End PBXSourcesBuildPhase section */

/* Begin PBXTargetDependency section */
		A4DD35E01D4AE8F600A5535D /* PBXTargetDependency */ = {
			isa = PBXTargetDependency;
			target = A4DD35C91D4AE8F500A5535D /* swift-demo */;
			targetProxy = A4DD35DF1D4AE8F600A5535D /* PBXContainerItemProxy */;
		};
		A4DD35EB1D4AE8F600A5535D /* PBXTargetDependency */ = {
			isa = PBXTargetDependency;
			target = A4DD35C91D4AE8F500A5535D /* swift-demo */;
			targetProxy = A4DD35EA1D4AE8F600A5535D /* PBXContainerItemProxy */;
		};
/* End PBXTargetDependency section */

/* Begin PBXVariantGroup section */
		A4DD35D11D4AE8F600A5535D /* Main.storyboard */ = {
			isa = PBXVariantGroup;
			children = (
				A4DD35D21D4AE8F600A5535D /* Base */,
			);
			name = Main.storyboard;
			sourceTree = "<group>";
		};
		A4DD35D61D4AE8F600A5535D /* LaunchScreen.storyboard */ = {
			isa = PBXVariantGroup;
			children = (
				A4DD35D71D4AE8F600A5535D /* Base */,
			);
			name = LaunchScreen.storyboard;
			sourceTree = "<group>";
		};
/* End PBXVariantGroup section */

/* Begin XCBuildConfiguration section */
		A4DD35F01D4AE8F600A5535D /* Debug */ = {
			isa = XCBuildConfiguration;
			buildSettings = {
				ALWAYS_SEARCH_USER_PATHS = NO;
				CLANG_ANALYZER_NONNULL = YES;
				CLANG_CXX_LANGUAGE_STANDARD = "gnu++0x";
				CLANG_CXX_LIBRARY = "libc++";
				CLANG_ENABLE_MODULES = YES;
				CLANG_ENABLE_OBJC_ARC = YES;
				CLANG_WARN_BOOL_CONVERSION = YES;
				CLANG_WARN_CONSTANT_CONVERSION = YES;
				CLANG_WARN_DIRECT_OBJC_ISA_USAGE = YES_ERROR;
				CLANG_WARN_EMPTY_BODY = YES;
				CLANG_WARN_ENUM_CONVERSION = YES;
				CLANG_WARN_INT_CONVERSION = YES;
				CLANG_WARN_OBJC_ROOT_CLASS = YES_ERROR;
				CLANG_WARN_UNREACHABLE_CODE = YES;
				CLANG_WARN__DUPLICATE_METHOD_MATCH = YES;
				"CODE_SIGN_IDENTITY[sdk=iphoneos*]" = "iPhone Developer";
				COPY_PHASE_STRIP = NO;
				DEBUG_INFORMATION_FORMAT = dwarf;
				ENABLE_STRICT_OBJC_MSGSEND = YES;
				ENABLE_TESTABILITY = YES;
				GCC_C_LANGUAGE_STANDARD = gnu99;
				GCC_DYNAMIC_NO_PIC = NO;
				GCC_NO_COMMON_BLOCKS = YES;
				GCC_OPTIMIZATION_LEVEL = 0;
				GCC_PREPROCESSOR_DEFINITIONS = (
					"DEBUG=1",
					"$(inherited)",
				);
				GCC_WARN_64_TO_32_BIT_CONVERSION = YES;
				GCC_WARN_ABOUT_RETURN_TYPE = YES_ERROR;
				GCC_WARN_UNDECLARED_SELECTOR = YES;
				GCC_WARN_UNINITIALIZED_AUTOS = YES_AGGRESSIVE;
				GCC_WARN_UNUSED_FUNCTION = YES;
				GCC_WARN_UNUSED_VARIABLE = YES;
				IPHONEOS_DEPLOYMENT_TARGET = 9.3;
				MTL_ENABLE_DEBUG_INFO = YES;
				ONLY_ACTIVE_ARCH = YES;
				SDKROOT = iphoneos;
				SWIFT_OPTIMIZATION_LEVEL = "-Onone";
			};
			name = Debug;
		};
		A4DD35F11D4AE8F600A5535D /* Release */ = {
			isa = XCBuildConfiguration;
			buildSettings = {
				ALWAYS_SEARCH_USER_PATHS = NO;
				CLANG_ANALYZER_NONNULL = YES;
				CLANG_CXX_LANGUAGE_STANDARD = "gnu++0x";
				CLANG_CXX_LIBRARY = "libc++";
				CLANG_ENABLE_MODULES = YES;
				CLANG_ENABLE_OBJC_ARC = YES;
				CLANG_WARN_BOOL_CONVERSION = YES;
				CLANG_WARN_CONSTANT_CONVERSION = YES;
				CLANG_WARN_DIRECT_OBJC_ISA_USAGE = YES_ERROR;
				CLANG_WARN_EMPTY_BODY = YES;
				CLANG_WARN_ENUM_CONVERSION = YES;
				CLANG_WARN_INT_CONVERSION = YES;
				CLANG_WARN_OBJC_ROOT_CLASS = YES_ERROR;
				CLANG_WARN_UNREACHABLE_CODE = YES;
				CLANG_WARN__DUPLICATE_METHOD_MATCH = YES;
				"CODE_SIGN_IDENTITY[sdk=iphoneos*]" = "iPhone Developer";
				COPY_PHASE_STRIP = NO;
				DEBUG_INFORMATION_FORMAT = "dwarf-with-dsym";
				ENABLE_NS_ASSERTIONS = NO;
				ENABLE_STRICT_OBJC_MSGSEND = YES;
				GCC_C_LANGUAGE_STANDARD = gnu99;
				GCC_NO_COMMON_BLOCKS = YES;
				GCC_WARN_64_TO_32_BIT_CONVERSION = YES;
				GCC_WARN_ABOUT_RETURN_TYPE = YES_ERROR;
				GCC_WARN_UNDECLARED_SELECTOR = YES;
				GCC_WARN_UNINITIALIZED_AUTOS = YES_AGGRESSIVE;
				GCC_WARN_UNUSED_FUNCTION = YES;
				GCC_WARN_UNUSED_VARIABLE = YES;
				IPHONEOS_DEPLOYMENT_TARGET = 9.3;
				MTL_ENABLE_DEBUG_INFO = NO;
				SDKROOT = iphoneos;
				VALIDATE_PRODUCT = YES;
			};
			name = Release;
		};
		A4DD35F31D4AE8F600A5535D /* Debug */ = {
			isa = XCBuildConfiguration;
			buildSettings = {
				ASSETCATALOG_COMPILER_APPICON_NAME = AppIcon;
				INFOPLIST_FILE = "swift-demo/Info.plist";
				LD_RUNPATH_SEARCH_PATHS = "$(inherited) @executable_path/Frameworks";
				PRODUCT_BUNDLE_IDENTIFIER = "com.beizhi.swift-demo";
				PRODUCT_NAME = "$(TARGET_NAME)";
			};
			name = Debug;
		};
		A4DD35F41D4AE8F600A5535D /* Release */ = {
			isa = XCBuildConfiguration;
			buildSettings = {
				ASSETCATALOG_COMPILER_APPICON_NAME = AppIcon;
				INFOPLIST_FILE = "swift-demo/Info.plist";
				LD_RUNPATH_SEARCH_PATHS = "$(inherited) @executable_path/Frameworks";
				PRODUCT_BUNDLE_IDENTIFIER = "com.beizhi.swift-demo";
				PRODUCT_NAME = "$(TARGET_NAME)";
			};
			name = Release;
		};
		A4DD35F61D4AE8F600A5535D /* Debug */ = {
			isa = XCBuildConfiguration;
			buildSettings = {
				BUNDLE_LOADER = "$(TEST_HOST)";
				INFOPLIST_FILE = "swift-demoTests/Info.plist";
				LD_RUNPATH_SEARCH_PATHS = "$(inherited) @executable_path/Frameworks @loader_path/Frameworks";
				PRODUCT_BUNDLE_IDENTIFIER = "com.beizhi.swift-demoTests";
				PRODUCT_NAME = "$(TARGET_NAME)";
				TEST_HOST = "$(BUILT_PRODUCTS_DIR)/swift-demo.app/swift-demo";
			};
			name = Debug;
		};
		A4DD35F71D4AE8F600A5535D /* Release */ = {
			isa = XCBuildConfiguration;
			buildSettings = {
				BUNDLE_LOADER = "$(TEST_HOST)";
				INFOPLIST_FILE = "swift-demoTests/Info.plist";
				LD_RUNPATH_SEARCH_PATHS = "$(inherited) @executable_path/Frameworks @loader_path/Frameworks";
				PRODUCT_BUNDLE_IDENTIFIER = "com.beizhi.swift-demoTests";
				PRODUCT_NAME = "$(TARGET_NAME)";
				TEST_HOST = "$(BUILT_PRODUCTS_DIR)/swift-demo.app/swift-demo";
			};
			name = Release;
		};
		A4DD35F91D4AE8F600A5535D /* Debug */ = {
			isa = XCBuildConfiguration;
			buildSettings = {
				INFOPLIST_FILE = "swift-demoUITests/Info.plist";
				LD_RUNPATH_SEARCH_PATHS = "$(inherited) @executable_path/Frameworks @loader_path/Frameworks";
				PRODUCT_BUNDLE_IDENTIFIER = "com.beizhi.swift-demoUITests";
				PRODUCT_NAME = "$(TARGET_NAME)";
				TEST_TARGET_NAME = "swift-demo";
			};
			name = Debug;
		};
		A4DD35FA1D4AE8F600A5535D /* Release */ = {
			isa = XCBuildConfiguration;
			buildSettings = {
				INFOPLIST_FILE = "swift-demoUITests/Info.plist";
				LD_RUNPATH_SEARCH_PATHS = "$(inherited) @executable_path/Frameworks @loader_path/Frameworks";
				PRODUCT_BUNDLE_IDENTIFIER = "com.beizhi.swift-demoUITests";
				PRODUCT_NAME = "$(TARGET_NAME)";
				TEST_TARGET_NAME = "swift-demo";
			};
			name = Release;
		};
/* End XCBuildConfiguration section */

/* Begin XCConfigurationList section */
		A4DD35C51D4AE8F500A5535D /* Build configuration list for PBXProject "swift-demo" */ = {
			isa = XCConfigurationList;
			buildConfigurations = (
				A4DD35F01D4AE8F600A5535D /* Debug */,
				A4DD35F11D4AE8F600A5535D /* Release */,
			);
			defaultConfigurationIsVisible = 0;
			defaultConfigurationName = Release;
		};
		A4DD35F21D4AE8F600A5535D /* Build configuration list for PBXNativeTarget "swift-demo" */ = {
			isa = XCConfigurationList;
			buildConfigurations = (
				A4DD35F31D4AE8F600A5535D /* Debug */,
				A4DD35F41D4AE8F600A5535D /* Release */,
			);
			defaultConfigurationIsVisible = 0;
		};
		A4DD35F51D4AE8F600A5535D /* Build configuration list for PBXNativeTarget "swift-demoTests" */ = {
			isa = XCConfigurationList;
			buildConfigurations = (
				A4DD35F61D4AE8F600A5535D /* Debug */,
				A4DD35F71D4AE8F600A5535D /* Release */,
			);
			defaultConfigurationIsVisible = 0;
		};
		A4DD35F81D4AE8F600A5535D /* Build configuration list for PBXNativeTarget "swift-demoUITests" */ = {
			isa = XCConfigurationList;
			buildConfigurations = (
				A4DD35F91D4AE8F600A5535D /* Debug */,
				A4DD35FA1D4AE8F600A5535D /* Release */,
			);
			defaultConfigurationIsVisible = 0;
		};
/* End XCConfigurationList section */
	};
	rootObject = A4DD35C21D4AE8F500A5535D /* Project object */;
}
